
Microsoft Visual Studio Solution File, Format Version 12.00
# Visual Studio Version 16
VisualStudioVersion = 16.0.31624.102
MinimumVisualStudioVersion = 10.0.40219.1
Project("{2150E333-8FDC-42A3-9474-1A3956D46DE8}") = "Backend", "Backend", "{8FC1D0C3-A65A-4BEF-BD63-997F87C120DA}"
EndProject
Project("{2150E333-8FDC-42A3-9474-1A3956D46DE8}") = "Frontend", "Frontend", "{1C427FD3-9054-4685-90DC-4DF66283F222}"
EndProject
Project("{2150E333-8FDC-42A3-9474-1A3956D46DE8}") = "Shared", "Shared", "{C1D40607-10DF-4B8C-A6FF-8B8ACC3EF787}"
EndProject
Project("{9A19103F-16F7-4668-BE54-9A1E7A4F7556}") = "JPV4PC_HFT_2021221.Data", "JPV4PC_HFT_2021221.Data\JPV4PC_HFT_2021221.Data.csproj", "{DB802608-12EE-477B-A754-7DE7A334BCB5}"
EndProject
Project("{9A19103F-16F7-4668-BE54-9A1E7A4F7556}") = "JPV4PC_HFT_2021221.Endpoint", "JPV4PC_HFT_2021221.Endpoint\JPV4PC_HFT_2021221.Endpoint.csproj", "{2CA487AB-7798-4A48-BE62-661A1C139717}"
EndProject
Project("{9A19103F-16F7-4668-BE54-9A1E7A4F7556}") = "JPV4PC_HFT_2021221.Logic", "JPV4PC_HFT_2021221.Logic\JPV4PC_HFT_2021221.Logic.csproj", "{CED59BA6-3555-4947-87A4-E2362B974533}"
EndProject
Project("{9A19103F-16F7-4668-BE54-9A1E7A4F7556}") = "JPV4PC_HFT_2021221.Repository", "JPV4PC_HFT_2021221.Repository\JPV4PC_HFT_2021221.Repository.csproj", "{5FDFFB21-FA0E-4FA5-9DEE-9EB1BA741A61}"
EndProject
Project("{9A19103F-16F7-4668-BE54-9A1E7A4F7556}") = "JPV4PC_HFT_2021221.Test", "JPV4PC_HFT_2021221.Test\JPV4PC_HFT_2021221.Test.csproj", "{BA799A72-8154-4249-B7FA-98B221ABCDAB}"
EndProject
Project("{9A19103F-16F7-4668-BE54-9A1E7A4F7556}") = "JPV4PC_HFT_2021221.Client", "JPV4PC_HFT_2021221.Client\JPV4PC_HFT_2021221.Client.csproj", "{D3F526C2-AD84-48FD-B912-C51E69CCA69F}"
	ProjectSection(ProjectDependencies) = postProject
		{5FDFFB21-FA0E-4FA5-9DEE-9EB1BA741A61} = {5FDFFB21-FA0E-4FA5-9DEE-9EB1BA741A61}
	EndProjectSection
EndProject
Project("{9A19103F-16F7-4668-BE54-9A1E7A4F7556}") = "JPV4PC_HFT_2021221.Models", "JPV4PC_HFT_2021221.Models\JPV4PC_HFT_2021221.Models.csproj", "{94FF4A2B-C37E-4D6D-9511-9C841791A01A}"
EndProject
Global
	GlobalSection(SolutionConfigurationPlatforms) = preSolution
		Debug|Any CPU = Debug|Any CPU
		Release|Any CPU = Release|Any CPU
	EndGlobalSection
	GlobalSection(ProjectConfigurationPlatforms) = postSolution
		{DB802608-12EE-477B-A754-7DE7A334BCB5}.Debug|Any CPU.ActiveCfg = Debug|Any CPU
		{DB802608-12EE-477B-A754-7DE7A334BCB5}.Debug|Any CPU.Build.0 = Debug|Any CPU
		{DB802608-12EE-477B-A754-7DE7A334BCB5}.Release|Any CPU.ActiveCfg = Release|Any CPU
		{DB802608-12EE-477B-A754-7DE7A334BCB5}.Release|Any CPU.Build.0 = Release|Any CPU
		{2CA487AB-7798-4A48-BE62-661A1C139717}.Debug|Any CPU.ActiveCfg = Debug|Any CPU
		{2CA487AB-7798-4A48-BE62-661A1C139717}.Debug|Any CPU.Build.0 = Debug|Any CPU
		{2CA487AB-7798-4A48-BE62-661A1C139717}.Release|Any CPU.ActiveCfg = Release|Any CPU
		{2CA487AB-7798-4A48-BE62-661A1C139717}.Release|Any CPU.Build.0 = Release|Any CPU
		{CED59BA6-3555-4947-87A4-E2362B974533}.Debug|Any CPU.ActiveCfg = Debug|Any CPU
		{CED59BA6-3555-4947-87A4-E2362B974533}.Debug|Any CPU.Build.0 = Debug|Any CPU
		{CED59BA6-3555-4947-87A4-E2362B974533}.Release|Any CPU.ActiveCfg = Release|Any CPU
		{CED59BA6-3555-4947-87A4-E2362B974533}.Release|Any CPU.Build.0 = Release|Any CPU
		{5FDFFB21-FA0E-4FA5-9DEE-9EB1BA741A61}.Debug|Any CPU.ActiveCfg = Debug|Any CPU
		{5FDFFB21-FA0E-4FA5-9DEE-9EB1BA741A61}.Debug|Any CPU.Build.0 = Debug|Any CPU
		{5FDFFB21-FA0E-4FA5-9DEE-9EB1BA741A61}.Release|Any CPU.ActiveCfg = Release|Any CPU
		{5FDFFB21-FA0E-4FA5-9DEE-9EB1BA741A61}.Release|Any CPU.Build.0 = Release|Any CPU
		{BA799A72-8154-4249-B7FA-98B221ABCDAB}.Debug|Any CPU.ActiveCfg = Debug|Any CPU
		{BA799A72-8154-4249-B7FA-98B221ABCDAB}.Debug|Any CPU.Build.0 = Debug|Any CPU
		{BA799A72-8154-4249-B7FA-98B221ABCDAB}.Release|Any CPU.ActiveCfg = Release|Any CPU
		{BA799A72-8154-4249-B7FA-98B221ABCDAB}.Release|Any CPU.Build.0 = Release|Any CPU
		{D3F526C2-AD84-48FD-B912-C51E69CCA69F}.Debug|Any CPU.ActiveCfg = Debug|Any CPU
		{D3F526C2-AD84-48FD-B912-C51E69CCA69F}.Debug|Any CPU.Build.0 = Debug|Any CPU
		{D3F526C2-AD84-48FD-B912-C51E69CCA69F}.Release|Any CPU.ActiveCfg = Release|Any CPU
		{D3F526C2-AD84-48FD-B912-C51E69CCA69F}.Release|Any CPU.Build.0 = Release|Any CPU
		{94FF4A2B-C37E-4D6D-9511-9C841791A01A}.Debug|Any CPU.ActiveCfg = Debug|Any CPU
		{94FF4A2B-C37E-4D6D-9511-9C841791A01A}.Debug|Any CPU.Build.0 = Debug|Any CPU
		{94FF4A2B-C37E-4D6D-9511-9C841791A01A}.Release|Any CPU.ActiveCfg = Release|Any CPU
		{94FF4A2B-C37E-4D6D-9511-9C841791A01A}.Release|Any CPU.Build.0 = Release|Any CPU
	EndGlobalSection
	GlobalSection(SolutionProperties) = preSolution
		HideSolutionNode = FALSE
	EndGlobalSection
	GlobalSection(NestedProjects) = preSolution
		{DB802608-12EE-477B-A754-7DE7A334BCB5} = {8FC1D0C3-A65A-4BEF-BD63-997F87C120DA}
		{2CA487AB-7798-4A48-BE62-661A1C139717} = {8FC1D0C3-A65A-4BEF-BD63-997F87C120DA}
		{CED59BA6-3555-4947-87A4-E2362B974533} = {8FC1D0C3-A65A-4BEF-BD63-997F87C120DA}
		{5FDFFB21-FA0E-4FA5-9DEE-9EB1BA741A61} = {8FC1D0C3-A65A-4BEF-BD63-997F87C120DA}
		{BA799A72-8154-4249-B7FA-98B221ABCDAB} = {8FC1D0C3-A65A-4BEF-BD63-997F87C120DA}
		{D3F526C2-AD84-48FD-B912-C51E69CCA69F} = {1C427FD3-9054-4685-90DC-4DF66283F222}
		{94FF4A2B-C37E-4D6D-9511-9C841791A01A} = {C1D40607-10DF-4B8C-A6FF-8B8ACC3EF787}
	EndGlobalSection
	GlobalSection(ExtensibilityGlobals) = postSolution
		SolutionGuid = {4C602F27-46D9-40B4-90B5-52BA493780FF}
	EndGlobalSection
EndGlobal
